
Microsoft Visual Studio Solution File, Format Version 12.00
# Visual Studio Version 17
VisualStudioVersion = 17.5.002.0
MinimumVisualStudioVersion = 10.0.40219.1
Project("{9A19103F-16F7-4668-BE54-9A1E7A4F7556}") = "TodoApi", "TodoApi.csproj", "{2CC4B3EF-90CC-48D7-8734-F603FE418A12}"
EndProject
Global
	GlobalSection(SolutionConfigurationPlatforms) = preSolution
		Debug|Any CPU = Debug|Any CPU
		Release|Any CPU = Release|Any CPU
	EndGlobalSection
	GlobalSection(ProjectConfigurationPlatforms) = postSolution
		{2CC4B3EF-90CC-48D7-8734-F603FE418A12}.Debug|Any CPU.ActiveCfg = Debug|Any CPU
		{2CC4B3EF-90CC-48D7-8734-F603FE418A12}.Debug|Any CPU.Build.0 = Debug|Any CPU
		{2CC4B3EF-90CC-48D7-8734-F603FE418A12}.Release|Any CPU.ActiveCfg = Release|Any CPU
		{2CC4B3EF-90CC-48D7-8734-F603FE418A12}.Release|Any CPU.Build.0 = Release|Any CPU
	EndGlobalSection
	GlobalSection(SolutionProperties) = preSolution
		HideSolutionNode = FALSE
	EndGlobalSection
	GlobalSection(ExtensibilityGlobals) = postSolution
		SolutionGuid = {05F7E3E3-296F-447E-88B0-B3CB3AE21A20}
	EndGlobalSection
EndGlobal
